
Microsoft Visual Studio Solution File, Format Version 12.00
# Visual Studio Version 16
VisualStudioVersion = 16.0.31613.86
MinimumVisualStudioVersion = 10.0.40219.1
Project("{FAE04EC0-301F-11D3-BF4B-00C04F79EFBC}") = "ClientIp", "ClientIp\ClientIp.csproj", "{1D5BBA31-5E96-47C6-8D2F-B66789C472B1}"
EndProject
Global
	GlobalSection(SolutionConfigurationPlatforms) = preSolution
		Debug|Any CPU = Debug|Any CPU
		Release|Any CPU = Release|Any CPU
	EndGlobalSection
	GlobalSection(ProjectConfigurationPlatforms) = postSolution
		{1D5BBA31-5E96-47C6-8D2F-B66789C472B1}.Debug|Any CPU.ActiveCfg = Debug|Any CPU
		{1D5BBA31-5E96-47C6-8D2F-B66789C472B1}.Debug|Any CPU.Build.0 = Debug|Any CPU
		{1D5BBA31-5E96-47C6-8D2F-B66789C472B1}.Release|Any CPU.ActiveCfg = Release|Any CPU
		{1D5BBA31-5E96-47C6-8D2F-B66789C472B1}.Release|Any CPU.Build.0 = Release|Any CPU
	EndGlobalSection
	GlobalSection(SolutionProperties) = preSolution
		HideSolutionNode = FALSE
	EndGlobalSection
	GlobalSection(ExtensibilityGlobals) = postSolution
		SolutionGuid = {20B87710-068C-45ED-8FFD-4AFC54311E72}
	EndGlobalSection
EndGlobal
